{
  "name": "test-1",
  "version": "1.0.0",
  "lockfileVersion": 1,
  "requires": true,
  "dependencies": {
    "lodash": {
      "version": "4.17.13",
      "resolved": "https://registry.npmjs.org/lodash/-/lodash-4.17.13.tgz",
      "integrity": "sha512-vm3/XWXfWtRua0FkUyEHBZy8kCPjErNBT9fJx8Zvs+U6zjqPbTUOpkaoum3O5uiA8sm+yNMHXfYkTUHFoMxFNA=="
    },
    "typescript": {
      "version": "3.5.2",
      "resolved": "https://repo.dev.wixpress.com/artifactory/api/npm/npm-repos/typescript/-/typescript-3.5.2.tgz",
      "integrity": "sha1-oJ4dxpvJVRyt8X26EO5Cz1Xl1Ww=",
      "dev": true
    }
  }
}
